{
  "version": 4,
  "terraform_version": "1.9.3",
  "serial": 48,
  "lineage": "e8feda52-eff6-043c-e313-a754a61192ed",
  "outputs": {
    "acme_org_id": {
      "value": "381030164001193991",
      "type": "string"
    },
    "acme_test_pat_token": {
      "value": "H4GohgBOaYBLJjHya5OYa1IiPFohu5-DYaMFChvdhkx6iW7yciQPeRiR7iEgldPQq7BSIOE",
      "type": "string",
      "sensitive": true
    },
    "api_test_pat_token": {
      "value": "0N9RwsW6nXtyvKTc31gC3NFjlFLZhLjNFYf0dXorQhhBP9uQIVX_TcM2bCWyLDDTVPcps4E",
      "type": "string",
      "sensitive": true
    },
    "edi_spa_client_id": {
      "value": "381027859583533063",
      "type": "string",
      "sensitive": true
    },
    "soopa_org_id": {
      "value": "381027855791816711",
      "type": "string"
    }
  },
  "resources": [
    {
      "mode": "managed",
      "type": "zitadel_application_oidc",
      "name": "edi_web_app",
      "provider": "provider[\"registry.terraform.io/zitadel/zitadel\"]",
      "instances": [
        {
          "schema_version": 0,
          "attributes": {
            "access_token_role_assertion": false,
            "access_token_type": "OIDC_TOKEN_TYPE_BEARER",
            "additional_origins": [],
            "app_type": "OIDC_APP_TYPE_USER_AGENT",
            "auth_method_type": "OIDC_AUTH_METHOD_TYPE_NONE",
            "back_channel_logout_uri": "",
            "client_id": "381027859583533063",
            "client_secret": "",
            "clock_skew": "0s",
            "compliance_problems": [
              {
                "key": "Application.OIDC.V1.NotCompliant",
                "message": "Your configuration is not compliant and differs from OIDC 1.0 standard."
              },
              {
                "key": "Application.OIDC.V1.NotCompliant",
                "message": "Your configuration is not compliant and differs from OIDC 1.0 standard."
              },
              {
                "key": "Application.OIDC.V1.Code.RedirectUris.HttpOnlyForWeb",
                "message": "Grant type code only allowed http redirect uris for apptype web."
              }
            ],
            "dev_mode": true,
            "grant_types": [
              "OIDC_GRANT_TYPE_AUTHORIZATION_CODE"
            ],
            "id": "381027859583467527",
            "id_token_role_assertion": false,
            "id_token_userinfo_assertion": false,
            "login_version": [],
            "name": "Soopa EDI Web App",
            "none_compliant": true,
            "org_id": "381027855791816711",
            "post_logout_redirect_uris": [
              "http://localhost:5173",
              "http://localhost:5173/"
            ],
            "project_id": "381027859348652039",
            "redirect_uris": [
              "http://localhost:5173/auth/callback",
              "http://localhost:5173/callback"
            ],
            "response_types": [
              "OIDC_RESPONSE_TYPE_CODE"
            ],
            "skip_native_app_success_page": false,
            "version": "OIDC_VERSION_1_0"
          },
          "sensitive_attributes": [
            [
              {
                "type": "get_attr",
                "value": "client_id"
              }
            ],
            [
              {
                "type": "get_attr",
                "value": "client_secret"
              }
            ]
          ],
          "private": "bnVsbA==",
          "dependencies": [
            "zitadel_org.soopa",
            "zitadel_project.edi"
          ]
        }
      ]
    },
    {
      "mode": "managed",
      "type": "zitadel_human_user",
      "name": "acme_admin",
      "provider": "provider[\"registry.terraform.io/zitadel/zitadel\"]",
      "instances": [
        {
          "schema_version": 0,
          "attributes": {
            "display_name": "Acme Admin",
            "email": "admin@acme.localhost",
            "first_name": "Acme",
            "gender": "GENDER_UNSPECIFIED",
            "id": "381032595003015175",
            "idp_links": [],
            "initial_hashed_password": null,
            "initial_password": null,
            "initial_skip_password_change": false,
            "is_email_verified": true,
            "is_phone_verified": false,
            "last_name": "Admin",
            "login_names": [
              "admin"
            ],
            "metadata": [],
            "nick_name": "",
            "org_id": "381030164001193991",
            "phone": "",
            "preferred_language": "und",
            "preferred_login_name": "admin",
            "state": "USER_STATE_INITIAL",
            "totp_secret": null,
            "user_id": null,
            "user_name": "admin"
          },
          "sensitive_attributes": [
            [
              {
                "type": "get_attr",
                "value": "initial_hashed_password"
              }
            ],
            [
              {
                "type": "get_attr",
                "value": "totp_secret"
              }
            ],
            [
              {
                "type": "get_attr",
                "value": "initial_password"
              }
            ]
          ],
          "private": "bnVsbA==",
          "dependencies": [
            "zitadel_org.acme"
          ]
        }
      ]
    },
    {
      "mode": "managed",
      "type": "zitadel_machine_user",
      "name": "acme_test",
      "provider": "provider[\"registry.terraform.io/zitadel/zitadel\"]",
      "instances": [
        {
          "schema_version": 0,
          "attributes": {
            "access_token_type": "ACCESS_TOKEN_TYPE_BEARER",
            "client_id": null,
            "client_secret": null,
            "description": "Integration testing user for Tenant 1",
            "id": "381030167608295431",
            "login_names": [
              "acme-test"
            ],
            "name": "Acme Test User",
            "org_id": "381030164001193991",
            "preferred_login_name": "acme-test",
            "state": "USER_STATE_ACTIVE",
            "user_id": null,
            "user_name": "acme-test",
            "with_secret": false
          },
          "sensitive_attributes": [
            [
              {
                "type": "get_attr",
                "value": "client_secret"
              }
            ],
            [
              {
                "type": "get_attr",
                "value": "client_id"
              }
            ]
          ],
          "private": "bnVsbA==",
          "dependencies": [
            "zitadel_org.acme"
          ]
        }
      ]
    },
    {
      "mode": "managed",
      "type": "zitadel_machine_user",
      "name": "api_test",
      "provider": "provider[\"registry.terraform.io/zitadel/zitadel\"]",
      "instances": [
        {
          "schema_version": 0,
          "attributes": {
            "access_token_type": "ACCESS_TOKEN_TYPE_BEARER",
            "client_id": null,
            "client_secret": null,
            "description": "Integration testing user",
            "id": "381027859348783111",
            "login_names": [
              "api-test"
            ],
            "name": "API Test User",
            "org_id": "381027855791816711",
            "preferred_login_name": "api-test",
            "state": "USER_STATE_ACTIVE",
            "user_id": null,
            "user_name": "api-test",
            "with_secret": false
          },
          "sensitive_attributes": [
            [
              {
                "type": "get_attr",
                "value": "client_secret"
              }
            ],
            [
              {
                "type": "get_attr",
                "value": "client_id"
              }
            ]
          ],
          "private": "bnVsbA==",
          "dependencies": [
            "zitadel_org.soopa"
          ]
        }
      ]
    },
    {
      "mode": "managed",
      "type": "zitadel_org",
      "name": "acme",
      "provider": "provider[\"registry.terraform.io/zitadel/zitadel\"]",
      "instances": [
        {
          "schema_version": 0,
          "attributes": {
            "admins": [],
            "id": "381030164001193991",
            "is_default": null,
            "name": "Acme Corp",
            "org_id": null,
            "primary_domain": "acme-corp.localhost",
            "state": "ORG_STATE_ACTIVE"
          },
          "sensitive_attributes": [],
          "private": "bnVsbA=="
        }
      ]
    },
    {
      "mode": "managed",
      "type": "zitadel_org",
      "name": "soopa",
      "provider": "provider[\"registry.terraform.io/zitadel/zitadel\"]",
      "instances": [
        {
          "schema_version": 0,
          "attributes": {
            "admins": [],
            "id": "381027855791816711",
            "is_default": null,
            "name": "SOOPA",
            "org_id": null,
            "primary_domain": "soopa.localhost",
            "state": "ORG_STATE_ACTIVE"
          },
          "sensitive_attributes": [],
          "private": "bnVsbA=="
        }
      ]
    },
    {
      "mode": "managed",
      "type": "zitadel_personal_access_token",
      "name": "acme_test_pat",
      "provider": "provider[\"registry.terraform.io/zitadel/zitadel\"]",
      "instances": [
        {
          "schema_version": 0,
          "attributes": {
            "expiration_date": null,
            "id": "381037097370255367",
            "org_id": "381030164001193991",
            "token": "H4GohgBOaYBLJjHya5OYa1IiPFohu5-DYaMFChvdhkx6iW7yciQPeRiR7iEgldPQq7BSIOE",
            "user_id": "381030167608295431"
          },
          "sensitive_attributes": [
            [
              {
                "type": "get_attr",
                "value": "token"
              }
            ]
          ],
          "private": "bnVsbA==",
          "dependencies": [
            "zitadel_machine_user.acme_test",
            "zitadel_org.acme"
          ]
        }
      ]
    },
    {
      "mode": "managed",
      "type": "zitadel_personal_access_token",
      "name": "api_test_pat",
      "provider": "provider[\"registry.terraform.io/zitadel/zitadel\"]",
      "instances": [
        {
          "schema_version": 0,
          "attributes": {
            "expiration_date": null,
            "id": "381037097470918663",
            "org_id": "381027855791816711",
            "token": "0N9RwsW6nXtyvKTc31gC3NFjlFLZhLjNFYf0dXorQhhBP9uQIVX_TcM2bCWyLDDTVPcps4E",
            "user_id": "381027859348783111"
          },
          "sensitive_attributes": [
            [
              {
                "type": "get_attr",
                "value": "token"
              }
            ]
          ],
          "private": "bnVsbA==",
          "dependencies": [
            "zitadel_machine_user.api_test",
            "zitadel_org.soopa"
          ]
        }
      ]
    },
    {
      "mode": "managed",
      "type": "zitadel_project",
      "name": "edi",
      "provider": "provider[\"registry.terraform.io/zitadel/zitadel\"]",
      "instances": [
        {
          "schema_version": 0,
          "attributes": {
            "has_project_check": false,
            "id": "381027859348652039",
            "name": "Soopa EDI",
            "org_id": "381027855791816711",
            "private_labeling_setting": "PRIVATE_LABELING_SETTING_UNSPECIFIED",
            "project_role_assertion": true,
            "project_role_check": false,
            "state": "PROJECT_STATE_ACTIVE"
          },
          "sensitive_attributes": [],
          "private": "bnVsbA==",
          "dependencies": [
            "zitadel_org.soopa"
          ]
        }
      ]
    },
    {
      "mode": "managed",
      "type": "zitadel_project",
      "name": "idp",
      "provider": "provider[\"registry.terraform.io/zitadel/zitadel\"]",
      "instances": [
        {
          "schema_version": 0,
          "attributes": {
            "has_project_check": false,
            "id": "381027859348586503",
            "name": "Soopa Intelligent Document Processing",
            "org_id": "381027855791816711",
            "private_labeling_setting": "PRIVATE_LABELING_SETTING_UNSPECIFIED",
            "project_role_assertion": true,
            "project_role_check": false,
            "state": "PROJECT_STATE_ACTIVE"
          },
          "sensitive_attributes": [],
          "private": "bnVsbA==",
          "dependencies": [
            "zitadel_org.soopa"
          ]
        }
      ]
    },
    {
      "mode": "managed",
      "type": "zitadel_project",
      "name": "ip",
      "provider": "provider[\"registry.terraform.io/zitadel/zitadel\"]",
      "instances": [
        {
          "schema_version": 0,
          "attributes": {
            "has_project_check": false,
            "id": "381027859348717575",
            "name": "Soopa Integration Platform",
            "org_id": "381027855791816711",
            "private_labeling_setting": "PRIVATE_LABELING_SETTING_UNSPECIFIED",
            "project_role_assertion": true,
            "project_role_check": false,
            "state": "PROJECT_STATE_ACTIVE"
          },
          "sensitive_attributes": [],
          "private": "bnVsbA==",
          "dependencies": [
            "zitadel_org.soopa"
          ]
        }
      ]
    }
  ],
  "check_results": null
}
