{
  "version": 4,
  "terraform_version": "1.15.8",
  "serial": 25,
  "lineage": "325fd4b8-6a20-18e6-4b97-0650e803b297",
  "outputs": {
    "edi_api_client_id": {
      "value": "384772014067482627",
      "type": "string",
      "sensitive": true
    },
    "edi_project_id": {
      "value": "384772013715095555",
      "type": "string"
    },
    "iam_manager_sa_key": {
      "value": "{\"type\":\"serviceaccount\",\"keyId\":\"390278922081665027\",\"key\":\"-----BEGIN RSA PRIVATE KEY-----\\nMIIEpAIBAAKCAQEAqpfsChitS6/am/0OS/I6hnvGI6DWIwp0m/aKUOjpfRsms22X\\nn7kSsWIWC61j/bkiUgVT4LMVwKjNnhsIZ8agnyVZjWjCv1vhUq1+ZqpLieAqoGTX\\nUWgjrA6IzKiY8bcgsZGBgGlEwGQ/wyO8pYy7bwV2Y8vAc5jJALnln3koX48RXmGQ\\nbosEiFqqO43T9IG1xdjFjwqvyirISwaKThHXst6f2yOqVAEriVvQUCYp8KsYE0br\\nYBPCnwO9dpRUc66BV61wyaxo/BA5imsN4P+peKugY7uAASQK5/ceH9p+12Bhpdny\\ntPo6UX84TWhie4l/vAwPRFOkVCX+blVqp+cG9QIDAQABAoIBAAmw5bTRIA8bp1ST\\nNJu14ANBxsjBW0jUUDmH8OWVxaXYxAMPZ7yoG9q90rjJGdQRD1UPfmtWYRb3v+6K\\nZJjYnMlNqt+woteSFaPHvVWBuRbVCDbiY6T5QIWGsdjGfyHEIHRV6sBrun8fcsvY\\nHOBetUsiSU50BbPLayfCZ7v+ev+qnijTQvNDuFmzkjZljLAHZOmAKMEJGVPoiU7x\\nT71HG2ofF6vyAVdKNyfaInAsfQjC01hc1suR8nk5PDFUrRRwNCqV6CiyQWXOVs08\\nIxeyMm9/c/kJH8yPxhjEAJtPIU16nc60XoM0wwPLeKAxduu1WW0XOtjN1wdh+Jfd\\npwAM6SECgYEA4Jv9q/4Mhe7stBJAPVFGmXzSWz6jUn3Qi/0xiu+3SiJLi2pZ9A6K\\n80se+js0VIQTElDvql579MonVeq3GG13uUtrcAzec/KZbn+nB7GDkj8xKIzaNbxS\\n2wQ6YnrosbrhnNKhlYE3i7IJJ+h3zAKtqCdOPyhAFUpumqNbNpekGs0CgYEAwm9d\\npoSGxb0fTdW0hNt47m2rkEHWHVltMutkLm4KveN3YhHrP3/e+2Ji6QnypP+vU084\\nk0kxEis+6VRh6po9EOGNPuzoxI5C1hK/DQEekND323EJhvAzZv/anmYu42rAaqgG\\nkM1+LiM+ecKn5hYZKximcC9IT3yeBLTjUJ697MkCgYEAyaPg2Q4qifaTs5kK6MFV\\nYyfG5TlXgBAJMBOu7W8FGl2tekyQ0uRXY9FVzwllklY7lN7qOgW2vGzbYWtk0l47\\n9DI8EozLDEaH7cZV2jdHyfxHEoNYxpL5wzuJeq2ixyPhtVr2yvQFPLkpNRWirpjc\\n86/NtC9bUIHQx6zNjzYVkiUCgYBpv6AzvMiAK4gnESAJUkTHiKZS4zvM4qJdm2D1\\nT6xP8rMvh4dnFej02GHrVRm/W8DDksa2dIxX0WV6CgbnTdQApmvn2XoPzT/UpoV6\\nUS2KndzwYN5JocKTNnx0wiamUZ0tZQ2NG/aQqWKFXrVqkoJFyjZbtZuif6iB7s/j\\nPTMW4QKBgQDQeq864vwC3LIYHCLv3cgCmnW62U1JJ+7sM99I/Q96w3AsJAnIy1T/\\nAhjD3gfCHhGLMSJW95FpFuoeRFQx8MpInjoYLsYy+Iy1n90FuYvdUbWabIeS27vX\\nSu6alRI6dVoyr+gzLew8h7WixAG1aqtKmJLmrIRk1FAaq/dQdAfV2Q==\\n-----END RSA PRIVATE KEY-----\\n\",\"expirationDate\":\"9999-12-31T23:59:59Z\",\"userId\":\"390278921981001731\"}",
      "type": "string",
      "sensitive": true
    },
    "platform_admin_id": {
      "value": "384772013765427203",
      "type": "string"
    },
    "platform_org_id": {
      "value": "384772010141548547",
      "type": "string"
    },
    "ucp_api_client_id": {
      "value": "384772013882933251",
      "type": "string",
      "sensitive": true
    },
    "ucp_project_id": {
      "value": "384772013698383875",
      "type": "string"
    },
    "ucp_web_client_id": {
      "value": "384772013916487683",
      "type": "string",
      "sensitive": true
    }
  },
  "resources": [
    {
      "mode": "managed",
      "type": "random_password",
      "name": "platform_admin_password",
      "provider": "provider[\"registry.terraform.io/hashicorp/random\"]",
      "instances": [
        {
          "schema_version": 3,
          "attributes": {
            "bcrypt_hash": "$2a$10$IatR.qj3e9fmCRpXKWmdVe7ZpSUjEt2M0kVzHbRzdHUGnaKsv/ah6",
            "id": "none",
            "keepers": null,
            "length": 16,
            "lower": true,
            "min_lower": 0,
            "min_numeric": 0,
            "min_special": 0,
            "min_upper": 0,
            "number": true,
            "numeric": true,
            "override_special": null,
            "result": "H[w)WOg}}SH71$ac",
            "special": true,
            "upper": true
          },
          "sensitive_attributes": [
            [
              {
                "type": "get_attr",
                "value": "bcrypt_hash"
              }
            ],
            [
              {
                "type": "get_attr",
                "value": "result"
              }
            ]
          ],
          "identity_schema_version": 0
        }
      ]
    },
    {
      "mode": "managed",
      "type": "zitadel_application_api",
      "name": "edi_api",
      "provider": "provider[\"registry.terraform.io/zitadel/zitadel\"]",
      "instances": [
        {
          "schema_version": 0,
          "attributes": {
            "auth_method_type": "API_AUTH_METHOD_TYPE_PRIVATE_KEY_JWT",
            "client_id": "384772014067482627",
            "client_secret": "",
            "id": "384772014067417091",
            "name": "EDI API",
            "org_id": "384772010141548547",
            "project_id": "384772013715095555"
          },
          "sensitive_attributes": [
            [
              {
                "type": "get_attr",
                "value": "client_id"
              }
            ],
            [
              {
                "type": "get_attr",
                "value": "client_secret"
              }
            ]
          ],
          "identity_schema_version": 0,
          "private": "bnVsbA==",
          "dependencies": [
            "zitadel_org.platform_org",
            "zitadel_project.edi"
          ]
        }
      ]
    },
    {
      "mode": "managed",
      "type": "zitadel_application_api",
      "name": "ucp_api",
      "provider": "provider[\"registry.terraform.io/zitadel/zitadel\"]",
      "instances": [
        {
          "schema_version": 0,
          "attributes": {
            "auth_method_type": "API_AUTH_METHOD_TYPE_PRIVATE_KEY_JWT",
            "client_id": "384772013882933251",
            "client_secret": "",
            "id": "384772013882867715",
            "name": "UCP API",
            "org_id": "384772010141548547",
            "project_id": "384772013698383875"
          },
          "sensitive_attributes": [
            [
              {
                "type": "get_attr",
                "value": "client_id"
              }
            ],
            [
              {
                "type": "get_attr",
                "value": "client_secret"
              }
            ]
          ],
          "identity_schema_version": 0,
          "private": "bnVsbA==",
          "dependencies": [
            "zitadel_org.platform_org",
            "zitadel_project.ucp"
          ]
        }
      ]
    },
    {
      "mode": "managed",
      "type": "zitadel_application_oidc",
      "name": "ucp_web_dashboard",
      "provider": "provider[\"registry.terraform.io/zitadel/zitadel\"]",
      "instances": [
        {
          "schema_version": 0,
          "attributes": {
            "access_token_role_assertion": true,
            "access_token_type": "OIDC_TOKEN_TYPE_JWT",
            "additional_origins": [],
            "app_type": "OIDC_APP_TYPE_USER_AGENT",
            "auth_method_type": "OIDC_AUTH_METHOD_TYPE_NONE",
            "back_channel_logout_uri": "",
            "client_id": "384772013916487683",
            "client_secret": "",
            "clock_skew": "0s",
            "compliance_problems": [
              {
                "key": "Application.OIDC.V1.NotCompliant",
                "message": "Your configuration is not compliant and differs from OIDC 1.0 standard."
              },
              {
                "key": "Application.OIDC.V1.NotCompliant",
                "message": "Your configuration is not compliant and differs from OIDC 1.0 standard."
              },
              {
                "key": "Application.OIDC.V1.Code.RedirectUris.HttpOnlyForWeb",
                "message": "Grant type code only allowed http redirect uris for apptype web."
              }
            ],
            "dev_mode": true,
            "grant_types": [
              "OIDC_GRANT_TYPE_AUTHORIZATION_CODE"
            ],
            "id": "384772013916422147",
            "id_token_role_assertion": false,
            "id_token_userinfo_assertion": false,
            "login_version": [],
            "name": "UCP Web Dashboard",
            "none_compliant": true,
            "org_id": "384772010141548547",
            "post_logout_redirect_uris": [
              "http://localhost:5173",
              "http://localhost:5173/"
            ],
            "project_id": "384772013698383875",
            "redirect_uris": [
              "http://localhost:5173/auth/callback",
              "http://localhost:5173/callback"
            ],
            "response_types": [
              "OIDC_RESPONSE_TYPE_CODE"
            ],
            "skip_native_app_success_page": false,
            "version": "OIDC_VERSION_1_0"
          },
          "sensitive_attributes": [
            [
              {
                "type": "get_attr",
                "value": "client_id"
              }
            ],
            [
              {
                "type": "get_attr",
                "value": "client_secret"
              }
            ]
          ],
          "identity_schema_version": 0,
          "private": "bnVsbA==",
          "dependencies": [
            "zitadel_org.platform_org",
            "zitadel_project.ucp"
          ]
        }
      ]
    },
    {
      "mode": "managed",
      "type": "zitadel_human_user",
      "name": "platform_admin",
      "provider": "provider[\"registry.terraform.io/zitadel/zitadel\"]",
      "instances": [
        {
          "schema_version": 0,
          "attributes": {
            "display_name": "Soopa Platform Admin",
            "email": "platform.admin@soopa.local",
            "first_name": "Platform",
            "gender": "GENDER_UNSPECIFIED",
            "id": "384772013765427203",
            "idp_links": [],
            "initial_hashed_password": null,
            "initial_password": "H[w)WOg}}SH71$ac",
            "initial_skip_password_change": false,
            "is_email_verified": true,
            "is_phone_verified": false,
            "last_name": "Admin",
            "login_names": [
              "platform.admin@soopa.local"
            ],
            "metadata": [],
            "nick_name": "",
            "org_id": "384772010141548547",
            "phone": "",
            "preferred_language": "und",
            "preferred_login_name": "platform.admin@soopa.local",
            "state": "USER_STATE_ACTIVE",
            "totp_secret": null,
            "user_id": null,
            "user_name": "platform.admin@soopa.local"
          },
          "sensitive_attributes": [
            [
              {
                "type": "get_attr",
                "value": "initial_hashed_password"
              }
            ],
            [
              {
                "type": "get_attr",
                "value": "initial_password"
              }
            ],
            [
              {
                "type": "get_attr",
                "value": "totp_secret"
              }
            ]
          ],
          "identity_schema_version": 0,
          "private": "bnVsbA==",
          "dependencies": [
            "random_password.platform_admin_password",
            "zitadel_org.platform_org"
          ]
        }
      ]
    },
    {
      "mode": "managed",
      "type": "zitadel_instance_member",
      "name": "iam_manager_sa_instance_owner",
      "provider": "provider[\"registry.terraform.io/zitadel/zitadel\"]",
      "instances": [
        {
          "schema_version": 0,
          "attributes": {
            "id": "384770802601426947_390278921981001731",
            "roles": [
              "IAM_OWNER"
            ],
            "user_id": "390278921981001731"
          },
          "sensitive_attributes": [],
          "identity_schema_version": 0,
          "private": "bnVsbA==",
          "dependencies": [
            "zitadel_machine_user.iam_manager_sa",
            "zitadel_org.platform_org"
          ]
        }
      ]
    },
    {
      "mode": "managed",
      "type": "zitadel_machine_key",
      "name": "iam_manager_sa_key",
      "provider": "provider[\"registry.terraform.io/zitadel/zitadel\"]",
      "instances": [
        {
          "schema_version": 0,
          "attributes": {
            "expiration_date": null,
            "id": "390278922081665027",
            "key_details": "{\"type\":\"serviceaccount\",\"keyId\":\"390278922081665027\",\"key\":\"-----BEGIN RSA PRIVATE KEY-----\\nMIIEpAIBAAKCAQEAqpfsChitS6/am/0OS/I6hnvGI6DWIwp0m/aKUOjpfRsms22X\\nn7kSsWIWC61j/bkiUgVT4LMVwKjNnhsIZ8agnyVZjWjCv1vhUq1+ZqpLieAqoGTX\\nUWgjrA6IzKiY8bcgsZGBgGlEwGQ/wyO8pYy7bwV2Y8vAc5jJALnln3koX48RXmGQ\\nbosEiFqqO43T9IG1xdjFjwqvyirISwaKThHXst6f2yOqVAEriVvQUCYp8KsYE0br\\nYBPCnwO9dpRUc66BV61wyaxo/BA5imsN4P+peKugY7uAASQK5/ceH9p+12Bhpdny\\ntPo6UX84TWhie4l/vAwPRFOkVCX+blVqp+cG9QIDAQABAoIBAAmw5bTRIA8bp1ST\\nNJu14ANBxsjBW0jUUDmH8OWVxaXYxAMPZ7yoG9q90rjJGdQRD1UPfmtWYRb3v+6K\\nZJjYnMlNqt+woteSFaPHvVWBuRbVCDbiY6T5QIWGsdjGfyHEIHRV6sBrun8fcsvY\\nHOBetUsiSU50BbPLayfCZ7v+ev+qnijTQvNDuFmzkjZljLAHZOmAKMEJGVPoiU7x\\nT71HG2ofF6vyAVdKNyfaInAsfQjC01hc1suR8nk5PDFUrRRwNCqV6CiyQWXOVs08\\nIxeyMm9/c/kJH8yPxhjEAJtPIU16nc60XoM0wwPLeKAxduu1WW0XOtjN1wdh+Jfd\\npwAM6SECgYEA4Jv9q/4Mhe7stBJAPVFGmXzSWz6jUn3Qi/0xiu+3SiJLi2pZ9A6K\\n80se+js0VIQTElDvql579MonVeq3GG13uUtrcAzec/KZbn+nB7GDkj8xKIzaNbxS\\n2wQ6YnrosbrhnNKhlYE3i7IJJ+h3zAKtqCdOPyhAFUpumqNbNpekGs0CgYEAwm9d\\npoSGxb0fTdW0hNt47m2rkEHWHVltMutkLm4KveN3YhHrP3/e+2Ji6QnypP+vU084\\nk0kxEis+6VRh6po9EOGNPuzoxI5C1hK/DQEekND323EJhvAzZv/anmYu42rAaqgG\\nkM1+LiM+ecKn5hYZKximcC9IT3yeBLTjUJ697MkCgYEAyaPg2Q4qifaTs5kK6MFV\\nYyfG5TlXgBAJMBOu7W8FGl2tekyQ0uRXY9FVzwllklY7lN7qOgW2vGzbYWtk0l47\\n9DI8EozLDEaH7cZV2jdHyfxHEoNYxpL5wzuJeq2ixyPhtVr2yvQFPLkpNRWirpjc\\n86/NtC9bUIHQx6zNjzYVkiUCgYBpv6AzvMiAK4gnESAJUkTHiKZS4zvM4qJdm2D1\\nT6xP8rMvh4dnFej02GHrVRm/W8DDksa2dIxX0WV6CgbnTdQApmvn2XoPzT/UpoV6\\nUS2KndzwYN5JocKTNnx0wiamUZ0tZQ2NG/aQqWKFXrVqkoJFyjZbtZuif6iB7s/j\\nPTMW4QKBgQDQeq864vwC3LIYHCLv3cgCmnW62U1JJ+7sM99I/Q96w3AsJAnIy1T/\\nAhjD3gfCHhGLMSJW95FpFuoeRFQx8MpInjoYLsYy+Iy1n90FuYvdUbWabIeS27vX\\nSu6alRI6dVoyr+gzLew8h7WixAG1aqtKmJLmrIRk1FAaq/dQdAfV2Q==\\n-----END RSA PRIVATE KEY-----\\n\",\"expirationDate\":\"9999-12-31T23:59:59Z\",\"userId\":\"390278921981001731\"}",
            "key_type": "KEY_TYPE_JSON",
            "org_id": "384772010141548547",
            "public_key": null,
            "user_id": "390278921981001731"
          },
          "sensitive_attributes": [
            [
              {
                "type": "get_attr",
                "value": "key_details"
              }
            ]
          ],
          "identity_schema_version": 0,
          "private": "bnVsbA==",
          "dependencies": [
            "zitadel_machine_user.iam_manager_sa",
            "zitadel_org.platform_org"
          ]
        }
      ]
    },
    {
      "mode": "managed",
      "type": "zitadel_machine_user",
      "name": "iam_manager_sa",
      "provider": "provider[\"registry.terraform.io/zitadel/zitadel\"]",
      "instances": [
        {
          "schema_version": 0,
          "attributes": {
            "access_token_type": "ACCESS_TOKEN_TYPE_BEARER",
            "client_id": null,
            "client_secret": null,
            "description": "Programmatic user for IAM Manager to manage tenants",
            "id": "390278921981001731",
            "login_names": [
              "iam-manager-sa"
            ],
            "name": "IAM Manager Service Account",
            "org_id": "384772010141548547",
            "preferred_login_name": "iam-manager-sa",
            "state": "USER_STATE_ACTIVE",
            "user_id": null,
            "user_name": "iam-manager-sa",
            "with_secret": false
          },
          "sensitive_attributes": [
            [
              {
                "type": "get_attr",
                "value": "client_id"
              }
            ],
            [
              {
                "type": "get_attr",
                "value": "client_secret"
              }
            ]
          ],
          "identity_schema_version": 0,
          "private": "bnVsbA==",
          "dependencies": [
            "zitadel_org.platform_org"
          ]
        }
      ]
    },
    {
      "mode": "managed",
      "type": "zitadel_org",
      "name": "platform_org",
      "provider": "provider[\"registry.terraform.io/zitadel/zitadel\"]",
      "instances": [
        {
          "schema_version": 0,
          "attributes": {
            "admins": [],
            "id": "384772010141548547",
            "is_default": null,
            "name": "Soopa",
            "org_id": null,
            "primary_domain": "platform.ucp.localhost",
            "state": "ORG_STATE_ACTIVE"
          },
          "sensitive_attributes": [],
          "identity_schema_version": 0,
          "private": "bnVsbA=="
        }
      ]
    },
    {
      "mode": "managed",
      "type": "zitadel_project",
      "name": "edi",
      "provider": "provider[\"registry.terraform.io/zitadel/zitadel\"]",
      "instances": [
        {
          "schema_version": 0,
          "attributes": {
            "has_project_check": false,
            "id": "384772013715095555",
            "name": "Soopaedi",
            "org_id": "384772010141548547",
            "private_labeling_setting": "PRIVATE_LABELING_SETTING_UNSPECIFIED",
            "project_role_assertion": true,
            "project_role_check": false,
            "state": "PROJECT_STATE_ACTIVE"
          },
          "sensitive_attributes": [],
          "identity_schema_version": 0,
          "private": "bnVsbA==",
          "dependencies": [
            "zitadel_org.platform_org"
          ]
        }
      ]
    },
    {
      "mode": "managed",
      "type": "zitadel_project",
      "name": "idp",
      "provider": "provider[\"registry.terraform.io/zitadel/zitadel\"]",
      "instances": [
        {
          "schema_version": 0,
          "attributes": {
            "has_project_check": false,
            "id": "384772013698449411",
            "name": "Soopaidp",
            "org_id": "384772010141548547",
            "private_labeling_setting": "PRIVATE_LABELING_SETTING_UNSPECIFIED",
            "project_role_assertion": true,
            "project_role_check": false,
            "state": "PROJECT_STATE_ACTIVE"
          },
          "sensitive_attributes": [],
          "identity_schema_version": 0,
          "private": "bnVsbA==",
          "dependencies": [
            "zitadel_org.platform_org"
          ]
        }
      ]
    },
    {
      "mode": "managed",
      "type": "zitadel_project",
      "name": "ucp",
      "provider": "provider[\"registry.terraform.io/zitadel/zitadel\"]",
      "instances": [
        {
          "schema_version": 0,
          "attributes": {
            "has_project_check": false,
            "id": "384772013698383875",
            "name": "Soopaucp",
            "org_id": "384772010141548547",
            "private_labeling_setting": "PRIVATE_LABELING_SETTING_UNSPECIFIED",
            "project_role_assertion": true,
            "project_role_check": true,
            "state": "PROJECT_STATE_ACTIVE"
          },
          "sensitive_attributes": [],
          "identity_schema_version": 0,
          "private": "bnVsbA==",
          "dependencies": [
            "zitadel_org.platform_org"
          ]
        }
      ]
    },
    {
      "mode": "managed",
      "type": "zitadel_project_role",
      "name": "platform_admin",
      "provider": "provider[\"registry.terraform.io/zitadel/zitadel\"]",
      "instances": [
        {
          "schema_version": 0,
          "attributes": {
            "display_name": "Platform Administrator",
            "group": "Platform",
            "id": "384772010141548547_384772013698383875_PlatformAdmin",
            "org_id": "384772010141548547",
            "project_id": "384772013698383875",
            "role_key": "PlatformAdmin"
          },
          "sensitive_attributes": [],
          "identity_schema_version": 0,
          "private": "bnVsbA==",
          "dependencies": [
            "zitadel_org.platform_org",
            "zitadel_project.ucp"
          ]
        }
      ]
    },
    {
      "mode": "managed",
      "type": "zitadel_project_role",
      "name": "tenant_admin",
      "provider": "provider[\"registry.terraform.io/zitadel/zitadel\"]",
      "instances": [
        {
          "schema_version": 0,
          "attributes": {
            "display_name": "Tenant Administrator",
            "group": "Tenant",
            "id": "384772010141548547_384772013698383875_TenantAdmin",
            "org_id": "384772010141548547",
            "project_id": "384772013698383875",
            "role_key": "TenantAdmin"
          },
          "sensitive_attributes": [],
          "identity_schema_version": 0,
          "private": "bnVsbA==",
          "dependencies": [
            "zitadel_org.platform_org",
            "zitadel_project.ucp"
          ]
        }
      ]
    },
    {
      "mode": "managed",
      "type": "zitadel_project_role",
      "name": "tenant_user",
      "provider": "provider[\"registry.terraform.io/zitadel/zitadel\"]",
      "instances": [
        {
          "schema_version": 0,
          "attributes": {
            "display_name": "Standard Tenant User",
            "group": "Tenant",
            "id": "384772010141548547_384772013698383875_TenantUser",
            "org_id": "384772010141548547",
            "project_id": "384772013698383875",
            "role_key": "TenantUser"
          },
          "sensitive_attributes": [],
          "identity_schema_version": 0,
          "private": "bnVsbA==",
          "dependencies": [
            "zitadel_org.platform_org",
            "zitadel_project.ucp"
          ]
        }
      ]
    },
    {
      "mode": "managed",
      "type": "zitadel_user_grant",
      "name": "platform_admin_grant",
      "provider": "provider[\"registry.terraform.io/zitadel/zitadel\"]",
      "instances": [
        {
          "schema_version": 0,
          "attributes": {
            "id": "384772016768548867",
            "org_id": "384772010141548547",
            "project_grant_id": null,
            "project_id": "384772013698383875",
            "role_keys": [
              "PlatformAdmin"
            ],
            "user_id": "384772013765427203"
          },
          "sensitive_attributes": [],
          "identity_schema_version": 0,
          "private": "bnVsbA==",
          "dependencies": [
            "random_password.platform_admin_password",
            "zitadel_human_user.platform_admin",
            "zitadel_org.platform_org",
            "zitadel_project.ucp",
            "zitadel_project_role.platform_admin"
          ]
        }
      ]
    }
  ],
  "check_results": null
}
