{
  "version": 4,
  "terraform_version": "1.15.8",
  "serial": 28,
  "lineage": "f9b13c7f-a884-e527-9d0d-332153e3b62c",
  "outputs": {
    "edi_api_client_id": {
      "value": "383510833948327939",
      "type": "string",
      "sensitive": true
    },
    "edi_project_id": {
      "value": "383492001305198595",
      "type": "string"
    },
    "platform_org_id": {
      "value": "383491997765206019",
      "type": "string"
    },
    "ucp_api_client_id": {
      "value": "383492001523367939",
      "type": "string",
      "sensitive": true
    },
    "ucp_backend_pat_token": {
      "value": "Amm-U-fHX-1KcQAv6a84JUdHFtAdRcHahLtL_LAt72aqp3_kDPQSVrcRULln65gjH1bdsjE",
      "type": "string",
      "sensitive": true
    },
    "ucp_project_id": {
      "value": "383492001305264131",
      "type": "string"
    },
    "ucp_web_client_id": {
      "value": "383492001540145155",
      "type": "string",
      "sensitive": true
    }
  },
  "resources": [
    {
      "mode": "managed",
      "type": "random_password",
      "name": "platform_admin_password",
      "provider": "provider[\"registry.terraform.io/hashicorp/random\"]",
      "instances": [
        {
          "schema_version": 3,
          "attributes": {
            "bcrypt_hash": "$2a$10$JkdMPaZMiCbqy2LlqXQKWu/c9OdJJkKgOE5rMF74JnOk8HqJQhb/m",
            "id": "none",
            "keepers": null,
            "length": 16,
            "lower": true,
            "min_lower": 0,
            "min_numeric": 0,
            "min_special": 0,
            "min_upper": 0,
            "number": true,
            "numeric": true,
            "override_special": null,
            "result": "bBBym\u00261ZUA#}dw9y",
            "special": true,
            "upper": true
          },
          "sensitive_attributes": [
            [
              {
                "type": "get_attr",
                "value": "bcrypt_hash"
              }
            ],
            [
              {
                "type": "get_attr",
                "value": "result"
              }
            ]
          ],
          "identity_schema_version": 0
        }
      ]
    },
    {
      "mode": "managed",
      "type": "zitadel_application_api",
      "name": "edi_api",
      "provider": "provider[\"registry.terraform.io/zitadel/zitadel\"]",
      "instances": [
        {
          "schema_version": 0,
          "attributes": {
            "auth_method_type": "API_AUTH_METHOD_TYPE_PRIVATE_KEY_JWT",
            "client_id": "383510833948327939",
            "client_secret": "",
            "id": "383510833948262403",
            "name": "EDI API",
            "org_id": "383491997765206019",
            "project_id": "383492001305198595"
          },
          "sensitive_attributes": [
            [
              {
                "type": "get_attr",
                "value": "client_id"
              }
            ],
            [
              {
                "type": "get_attr",
                "value": "client_secret"
              }
            ]
          ],
          "identity_schema_version": 0,
          "private": "bnVsbA==",
          "dependencies": [
            "zitadel_org.platform_org",
            "zitadel_project.edi"
          ]
        }
      ]
    },
    {
      "mode": "managed",
      "type": "zitadel_application_api",
      "name": "ucp_api",
      "provider": "provider[\"registry.terraform.io/zitadel/zitadel\"]",
      "instances": [
        {
          "schema_version": 0,
          "attributes": {
            "auth_method_type": "API_AUTH_METHOD_TYPE_PRIVATE_KEY_JWT",
            "client_id": "383492001523367939",
            "client_secret": "",
            "id": "383492001523302403",
            "name": "UCP API",
            "org_id": "383491997765206019",
            "project_id": "383492001305264131"
          },
          "sensitive_attributes": [
            [
              {
                "type": "get_attr",
                "value": "client_id"
              }
            ],
            [
              {
                "type": "get_attr",
                "value": "client_secret"
              }
            ]
          ],
          "identity_schema_version": 0,
          "private": "bnVsbA==",
          "dependencies": [
            "zitadel_org.platform_org",
            "zitadel_project.ucp"
          ]
        }
      ]
    },
    {
      "mode": "managed",
      "type": "zitadel_application_oidc",
      "name": "ucp_web_dashboard",
      "provider": "provider[\"registry.terraform.io/zitadel/zitadel\"]",
      "instances": [
        {
          "schema_version": 0,
          "attributes": {
            "access_token_role_assertion": true,
            "access_token_type": "OIDC_TOKEN_TYPE_JWT",
            "additional_origins": [],
            "app_type": "OIDC_APP_TYPE_USER_AGENT",
            "auth_method_type": "OIDC_AUTH_METHOD_TYPE_NONE",
            "back_channel_logout_uri": "",
            "client_id": "383492001540145155",
            "client_secret": "",
            "clock_skew": "0s",
            "compliance_problems": [
              {
                "key": "Application.OIDC.V1.NotCompliant",
                "message": "Your configuration is not compliant and differs from OIDC 1.0 standard."
              },
              {
                "key": "Application.OIDC.V1.NotCompliant",
                "message": "Your configuration is not compliant and differs from OIDC 1.0 standard."
              },
              {
                "key": "Application.OIDC.V1.Code.RedirectUris.HttpOnlyForWeb",
                "message": "Grant type code only allowed http redirect uris for apptype web."
              }
            ],
            "dev_mode": true,
            "grant_types": [
              "OIDC_GRANT_TYPE_AUTHORIZATION_CODE"
            ],
            "id": "383492001540079619",
            "id_token_role_assertion": false,
            "id_token_userinfo_assertion": false,
            "login_version": [],
            "name": "UCP Web Dashboard",
            "none_compliant": true,
            "org_id": "383491997765206019",
            "post_logout_redirect_uris": [
              "http://localhost:5173",
              "http://localhost:5173/"
            ],
            "project_id": "383492001305264131",
            "redirect_uris": [
              "http://localhost:5173/auth/callback",
              "http://localhost:5173/callback"
            ],
            "response_types": [
              "OIDC_RESPONSE_TYPE_CODE"
            ],
            "skip_native_app_success_page": false,
            "version": "OIDC_VERSION_1_0"
          },
          "sensitive_attributes": [
            [
              {
                "type": "get_attr",
                "value": "client_id"
              }
            ],
            [
              {
                "type": "get_attr",
                "value": "client_secret"
              }
            ]
          ],
          "identity_schema_version": 0,
          "private": "bnVsbA==",
          "dependencies": [
            "zitadel_org.platform_org",
            "zitadel_project.ucp"
          ]
        }
      ]
    },
    {
      "mode": "managed",
      "type": "zitadel_human_user",
      "name": "platform_admin",
      "provider": "provider[\"registry.terraform.io/zitadel/zitadel\"]",
      "instances": [
        {
          "schema_version": 0,
          "attributes": {
            "display_name": "Soopa Platform Admin",
            "email": "platform.admin@soopa.local",
            "first_name": "Platform",
            "gender": "GENDER_UNSPECIFIED",
            "id": "383492001355530243",
            "idp_links": [],
            "initial_hashed_password": null,
            "initial_password": "bBBym\u00261ZUA#}dw9y",
            "initial_skip_password_change": false,
            "is_email_verified": true,
            "is_phone_verified": false,
            "last_name": "Admin",
            "login_names": [
              "platform.admin@soopa.local"
            ],
            "metadata": [],
            "nick_name": "",
            "org_id": "383491997765206019",
            "phone": "",
            "preferred_language": "und",
            "preferred_login_name": "platform.admin@soopa.local",
            "state": "USER_STATE_ACTIVE",
            "totp_secret": null,
            "user_id": null,
            "user_name": "platform.admin@soopa.local"
          },
          "sensitive_attributes": [
            [
              {
                "type": "get_attr",
                "value": "initial_hashed_password"
              }
            ],
            [
              {
                "type": "get_attr",
                "value": "initial_password"
              }
            ],
            [
              {
                "type": "get_attr",
                "value": "totp_secret"
              }
            ]
          ],
          "identity_schema_version": 0,
          "private": "bnVsbA==",
          "dependencies": [
            "random_password.platform_admin_password",
            "zitadel_org.platform_org"
          ]
        }
      ]
    },
    {
      "mode": "managed",
      "type": "zitadel_instance_member",
      "name": "ucp_backend_instance_owner",
      "provider": "provider[\"registry.terraform.io/zitadel/zitadel\"]",
      "instances": [
        {
          "schema_version": 0,
          "attributes": {
            "id": "383476963131523075_383492001305395203",
            "roles": [
              "IAM_OWNER"
            ],
            "user_id": "383492001305395203"
          },
          "sensitive_attributes": [],
          "identity_schema_version": 0,
          "private": "bnVsbA==",
          "dependencies": [
            "zitadel_machine_user.ucp_backend_service",
            "zitadel_org.platform_org"
          ]
        }
      ]
    },
    {
      "mode": "managed",
      "type": "zitadel_machine_user",
      "name": "ucp_backend_service",
      "provider": "provider[\"registry.terraform.io/zitadel/zitadel\"]",
      "instances": [
        {
          "schema_version": 0,
          "attributes": {
            "access_token_type": "ACCESS_TOKEN_TYPE_BEARER",
            "client_id": null,
            "client_secret": null,
            "description": "Programmatic user for UCP API to manage tenants",
            "id": "383492001305395203",
            "login_names": [
              "ucp-backend-svc"
            ],
            "name": "UCP Backend Service Account",
            "org_id": "383491997765206019",
            "preferred_login_name": "ucp-backend-svc",
            "state": "USER_STATE_ACTIVE",
            "user_id": null,
            "user_name": "ucp-backend-svc",
            "with_secret": false
          },
          "sensitive_attributes": [
            [
              {
                "type": "get_attr",
                "value": "client_id"
              }
            ],
            [
              {
                "type": "get_attr",
                "value": "client_secret"
              }
            ]
          ],
          "identity_schema_version": 0,
          "private": "bnVsbA==",
          "dependencies": [
            "zitadel_org.platform_org"
          ]
        }
      ]
    },
    {
      "mode": "managed",
      "type": "zitadel_org",
      "name": "platform_org",
      "provider": "provider[\"registry.terraform.io/zitadel/zitadel\"]",
      "instances": [
        {
          "schema_version": 0,
          "attributes": {
            "admins": [],
            "id": "383491997765206019",
            "is_default": null,
            "name": "Soopa",
            "org_id": null,
            "primary_domain": "soopa.ucp.localhost",
            "state": "ORG_STATE_ACTIVE"
          },
          "sensitive_attributes": [],
          "identity_schema_version": 0,
          "private": "bnVsbA=="
        }
      ]
    },
    {
      "mode": "managed",
      "type": "zitadel_personal_access_token",
      "name": "ucp_backend_pat",
      "provider": "provider[\"registry.terraform.io/zitadel/zitadel\"]",
      "instances": [
        {
          "schema_version": 0,
          "attributes": {
            "expiration_date": "2029-12-31T23:59:59Z",
            "id": "383492001590411267",
            "org_id": "383491997765206019",
            "token": "Amm-U-fHX-1KcQAv6a84JUdHFtAdRcHahLtL_LAt72aqp3_kDPQSVrcRULln65gjH1bdsjE",
            "user_id": "383492001305395203"
          },
          "sensitive_attributes": [
            [
              {
                "type": "get_attr",
                "value": "token"
              }
            ]
          ],
          "identity_schema_version": 0,
          "private": "bnVsbA==",
          "dependencies": [
            "zitadel_machine_user.ucp_backend_service",
            "zitadel_org.platform_org"
          ]
        }
      ]
    },
    {
      "mode": "managed",
      "type": "zitadel_project",
      "name": "edi",
      "provider": "provider[\"registry.terraform.io/zitadel/zitadel\"]",
      "instances": [
        {
          "schema_version": 0,
          "attributes": {
            "has_project_check": false,
            "id": "383492001305198595",
            "name": "Soopaedi",
            "org_id": "383491997765206019",
            "private_labeling_setting": "PRIVATE_LABELING_SETTING_UNSPECIFIED",
            "project_role_assertion": true,
            "project_role_check": false,
            "state": "PROJECT_STATE_ACTIVE"
          },
          "sensitive_attributes": [],
          "identity_schema_version": 0,
          "private": "bnVsbA==",
          "dependencies": [
            "zitadel_org.platform_org"
          ]
        }
      ]
    },
    {
      "mode": "managed",
      "type": "zitadel_project",
      "name": "idp",
      "provider": "provider[\"registry.terraform.io/zitadel/zitadel\"]",
      "instances": [
        {
          "schema_version": 0,
          "attributes": {
            "has_project_check": false,
            "id": "383492001305329667",
            "name": "Soopaidp",
            "org_id": "383491997765206019",
            "private_labeling_setting": "PRIVATE_LABELING_SETTING_UNSPECIFIED",
            "project_role_assertion": true,
            "project_role_check": false,
            "state": "PROJECT_STATE_ACTIVE"
          },
          "sensitive_attributes": [],
          "identity_schema_version": 0,
          "private": "bnVsbA==",
          "dependencies": [
            "zitadel_org.platform_org"
          ]
        }
      ]
    },
    {
      "mode": "managed",
      "type": "zitadel_project",
      "name": "ucp",
      "provider": "provider[\"registry.terraform.io/zitadel/zitadel\"]",
      "instances": [
        {
          "schema_version": 0,
          "attributes": {
            "has_project_check": false,
            "id": "383492001305264131",
            "name": "Soopaucp",
            "org_id": "383491997765206019",
            "private_labeling_setting": "PRIVATE_LABELING_SETTING_UNSPECIFIED",
            "project_role_assertion": true,
            "project_role_check": true,
            "state": "PROJECT_STATE_ACTIVE"
          },
          "sensitive_attributes": [],
          "identity_schema_version": 0,
          "private": "bnVsbA==",
          "dependencies": [
            "zitadel_org.platform_org"
          ]
        }
      ]
    },
    {
      "mode": "managed",
      "type": "zitadel_project_role",
      "name": "platform_admin",
      "provider": "provider[\"registry.terraform.io/zitadel/zitadel\"]",
      "instances": [
        {
          "schema_version": 0,
          "attributes": {
            "display_name": "Platform Administrator",
            "group": "Platform",
            "id": "383491997765206019_383492001305264131_PlatformAdmin",
            "org_id": "383491997765206019",
            "project_id": "383492001305264131",
            "role_key": "PlatformAdmin"
          },
          "sensitive_attributes": [],
          "identity_schema_version": 0,
          "private": "bnVsbA==",
          "dependencies": [
            "zitadel_org.platform_org",
            "zitadel_project.ucp"
          ]
        }
      ]
    },
    {
      "mode": "managed",
      "type": "zitadel_project_role",
      "name": "tenant_admin",
      "provider": "provider[\"registry.terraform.io/zitadel/zitadel\"]",
      "instances": [
        {
          "schema_version": 0,
          "attributes": {
            "display_name": "Tenant Administrator",
            "group": "Tenant",
            "id": "383491997765206019_383492001305264131_TenantAdmin",
            "org_id": "383491997765206019",
            "project_id": "383492001305264131",
            "role_key": "TenantAdmin"
          },
          "sensitive_attributes": [],
          "identity_schema_version": 0,
          "private": "bnVsbA==",
          "dependencies": [
            "zitadel_org.platform_org",
            "zitadel_project.ucp"
          ]
        }
      ]
    },
    {
      "mode": "managed",
      "type": "zitadel_project_role",
      "name": "tenant_user",
      "provider": "provider[\"registry.terraform.io/zitadel/zitadel\"]",
      "instances": [
        {
          "schema_version": 0,
          "attributes": {
            "display_name": "Standard Tenant User",
            "group": "Tenant",
            "id": "383491997765206019_383492001305264131_TenantUser",
            "org_id": "383491997765206019",
            "project_id": "383492001305264131",
            "role_key": "TenantUser"
          },
          "sensitive_attributes": [],
          "identity_schema_version": 0,
          "private": "bnVsbA==",
          "dependencies": [
            "zitadel_org.platform_org",
            "zitadel_project.ucp"
          ]
        }
      ]
    },
    {
      "mode": "managed",
      "type": "zitadel_user_grant",
      "name": "platform_admin_grant",
      "provider": "provider[\"registry.terraform.io/zitadel/zitadel\"]",
      "instances": [
        {
          "schema_version": 0,
          "attributes": {
            "id": "383492003050029059",
            "org_id": "383491997765206019",
            "project_grant_id": null,
            "project_id": "383492001305264131",
            "role_keys": [
              "PlatformAdmin"
            ],
            "user_id": "383492001355530243"
          },
          "sensitive_attributes": [],
          "identity_schema_version": 0,
          "private": "bnVsbA==",
          "dependencies": [
            "random_password.platform_admin_password",
            "zitadel_human_user.platform_admin",
            "zitadel_org.platform_org",
            "zitadel_project.ucp",
            "zitadel_project_role.platform_admin"
          ]
        }
      ]
    }
  ],
  "check_results": null
}
