{
  "version": 4,
  "terraform_version": "1.15.8",
  "serial": 22,
  "lineage": "ebe3bc41-8682-c89d-b4bb-a00807e9cce8",
  "outputs": {
    "edi_project_id": {
      "value": "382632592643522566",
      "type": "string"
    },
    "platform_org_id": {
      "value": "382632589086687238",
      "type": "string"
    },
    "ucp_api_client_id": {
      "value": "382632592811294726",
      "type": "string",
      "sensitive": true
    },
    "ucp_backend_pat_token": {
      "value": "4MnwEHu_6GsfvxsVTr32ULvP_-Kz3Nmy4D5WeSzM-NOIBE51x9mw2bLT6IMyybfDWjSfEDk",
      "type": "string",
      "sensitive": true
    },
    "ucp_project_id": {
      "value": "382632592643588102",
      "type": "string"
    },
    "ucp_web_client_id": {
      "value": "382632592811425798",
      "type": "string",
      "sensitive": true
    }
  },
  "resources": [
    {
      "mode": "managed",
      "type": "zitadel_application_api",
      "name": "ucp_api",
      "provider": "provider[\"registry.terraform.io/zitadel/zitadel\"]",
      "instances": [
        {
          "schema_version": 0,
          "attributes": {
            "auth_method_type": "API_AUTH_METHOD_TYPE_PRIVATE_KEY_JWT",
            "client_id": "382632592811294726",
            "client_secret": "",
            "id": "382632592811229190",
            "name": "UCP API",
            "org_id": "382632589086687238",
            "project_id": "382632592643588102"
          },
          "sensitive_attributes": [
            [
              {
                "type": "get_attr",
                "value": "client_id"
              }
            ],
            [
              {
                "type": "get_attr",
                "value": "client_secret"
              }
            ]
          ],
          "identity_schema_version": 0,
          "private": "bnVsbA==",
          "dependencies": [
            "zitadel_org.platform_org",
            "zitadel_project.ucp"
          ]
        }
      ]
    },
    {
      "mode": "managed",
      "type": "zitadel_application_oidc",
      "name": "ucp_web_dashboard",
      "provider": "provider[\"registry.terraform.io/zitadel/zitadel\"]",
      "instances": [
        {
          "schema_version": 0,
          "attributes": {
            "access_token_role_assertion": false,
            "access_token_type": "OIDC_TOKEN_TYPE_BEARER",
            "additional_origins": [],
            "app_type": "OIDC_APP_TYPE_USER_AGENT",
            "auth_method_type": "OIDC_AUTH_METHOD_TYPE_NONE",
            "back_channel_logout_uri": "",
            "client_id": "382632592811425798",
            "client_secret": "",
            "clock_skew": "0s",
            "compliance_problems": [
              {
                "key": "Application.OIDC.V1.NotCompliant",
                "message": "Your configuration is not compliant and differs from OIDC 1.0 standard."
              },
              {
                "key": "Application.OIDC.V1.NotCompliant",
                "message": "Your configuration is not compliant and differs from OIDC 1.0 standard."
              },
              {
                "key": "Application.OIDC.V1.Code.RedirectUris.HttpOnlyForWeb",
                "message": "Grant type code only allowed http redirect uris for apptype web."
              }
            ],
            "dev_mode": true,
            "grant_types": [
              "OIDC_GRANT_TYPE_AUTHORIZATION_CODE"
            ],
            "id": "382632592811360262",
            "id_token_role_assertion": false,
            "id_token_userinfo_assertion": false,
            "login_version": [],
            "name": "UCP Web Dashboard",
            "none_compliant": true,
            "org_id": "382632589086687238",
            "post_logout_redirect_uris": [
              "http://localhost:5173",
              "http://localhost:5173/"
            ],
            "project_id": "382632592643588102",
            "redirect_uris": [
              "http://localhost:5173/auth/callback",
              "http://localhost:5173/callback"
            ],
            "response_types": [
              "OIDC_RESPONSE_TYPE_CODE"
            ],
            "skip_native_app_success_page": false,
            "version": "OIDC_VERSION_1_0"
          },
          "sensitive_attributes": [
            [
              {
                "type": "get_attr",
                "value": "client_id"
              }
            ],
            [
              {
                "type": "get_attr",
                "value": "client_secret"
              }
            ]
          ],
          "identity_schema_version": 0,
          "private": "bnVsbA==",
          "dependencies": [
            "zitadel_org.platform_org",
            "zitadel_project.ucp"
          ]
        }
      ]
    },
    {
      "mode": "managed",
      "type": "zitadel_human_user",
      "name": "platform_admin",
      "provider": "provider[\"registry.terraform.io/zitadel/zitadel\"]",
      "instances": [
        {
          "schema_version": 0,
          "attributes": {
            "display_name": "Soopa Platform Admin",
            "email": "platform.admin@soopa.local",
            "first_name": "Platform",
            "gender": "GENDER_UNSPECIFIED",
            "id": "382632592677011462",
            "idp_links": [],
            "initial_hashed_password": null,
            "initial_password": "Admin123!",
            "initial_skip_password_change": false,
            "is_email_verified": true,
            "is_phone_verified": false,
            "last_name": "Admin",
            "login_names": [
              "platform.admin@soopa.local"
            ],
            "metadata": [],
            "nick_name": "",
            "org_id": "382632589086687238",
            "phone": "",
            "preferred_language": "und",
            "preferred_login_name": "platform.admin@soopa.local",
            "state": "USER_STATE_ACTIVE",
            "totp_secret": null,
            "user_id": null,
            "user_name": "platform.admin@soopa.local"
          },
          "sensitive_attributes": [
            [
              {
                "type": "get_attr",
                "value": "initial_hashed_password"
              }
            ],
            [
              {
                "type": "get_attr",
                "value": "initial_password"
              }
            ],
            [
              {
                "type": "get_attr",
                "value": "totp_secret"
              }
            ]
          ],
          "identity_schema_version": 0,
          "private": "bnVsbA==",
          "dependencies": [
            "zitadel_org.platform_org"
          ]
        }
      ]
    },
    {
      "mode": "managed",
      "type": "zitadel_instance_member",
      "name": "ucp_backend_instance_owner",
      "provider": "provider[\"registry.terraform.io/zitadel/zitadel\"]",
      "instances": [
        {
          "schema_version": 0,
          "attributes": {
            "id": "382631756869664774_382632592643653638",
            "roles": [
              "IAM_OWNER"
            ],
            "user_id": "382632592643653638"
          },
          "sensitive_attributes": [],
          "identity_schema_version": 0,
          "private": "bnVsbA==",
          "dependencies": [
            "zitadel_machine_user.ucp_backend_service",
            "zitadel_org.platform_org"
          ]
        }
      ]
    },
    {
      "mode": "managed",
      "type": "zitadel_machine_user",
      "name": "ucp_backend_service",
      "provider": "provider[\"registry.terraform.io/zitadel/zitadel\"]",
      "instances": [
        {
          "schema_version": 0,
          "attributes": {
            "access_token_type": "ACCESS_TOKEN_TYPE_BEARER",
            "client_id": null,
            "client_secret": null,
            "description": "Programmatic user for UCP API to manage tenants",
            "id": "382632592643653638",
            "login_names": [
              "ucp-backend-svc"
            ],
            "name": "UCP Backend Service Account",
            "org_id": "382632589086687238",
            "preferred_login_name": "ucp-backend-svc",
            "state": "USER_STATE_ACTIVE",
            "user_id": null,
            "user_name": "ucp-backend-svc",
            "with_secret": false
          },
          "sensitive_attributes": [
            [
              {
                "type": "get_attr",
                "value": "client_id"
              }
            ],
            [
              {
                "type": "get_attr",
                "value": "client_secret"
              }
            ]
          ],
          "identity_schema_version": 0,
          "private": "bnVsbA==",
          "dependencies": [
            "zitadel_org.platform_org"
          ]
        }
      ]
    },
    {
      "mode": "managed",
      "type": "zitadel_org",
      "name": "platform_org",
      "provider": "provider[\"registry.terraform.io/zitadel/zitadel\"]",
      "instances": [
        {
          "schema_version": 0,
          "attributes": {
            "admins": [],
            "id": "382632589086687238",
            "is_default": null,
            "name": "Soopa",
            "org_id": null,
            "primary_domain": "soopa.ucp.localhost",
            "state": "ORG_STATE_ACTIVE"
          },
          "sensitive_attributes": [],
          "identity_schema_version": 0,
          "private": "bnVsbA=="
        }
      ]
    },
    {
      "mode": "managed",
      "type": "zitadel_personal_access_token",
      "name": "ucp_backend_pat",
      "provider": "provider[\"registry.terraform.io/zitadel/zitadel\"]",
      "instances": [
        {
          "schema_version": 0,
          "attributes": {
            "expiration_date": "9999-12-31T23:59:59Z",
            "id": "382716501355921414",
            "org_id": "382632589086687238",
            "token": "4MnwEHu_6GsfvxsVTr32ULvP_-Kz3Nmy4D5WeSzM-NOIBE51x9mw2bLT6IMyybfDWjSfEDk",
            "user_id": "382632592643653638"
          },
          "sensitive_attributes": [
            [
              {
                "type": "get_attr",
                "value": "token"
              }
            ]
          ],
          "identity_schema_version": 0,
          "private": "bnVsbA==",
          "dependencies": [
            "zitadel_machine_user.ucp_backend_service",
            "zitadel_org.platform_org"
          ]
        }
      ]
    },
    {
      "mode": "managed",
      "type": "zitadel_project",
      "name": "edi",
      "provider": "provider[\"registry.terraform.io/zitadel/zitadel\"]",
      "instances": [
        {
          "schema_version": 0,
          "attributes": {
            "has_project_check": false,
            "id": "382632592643522566",
            "name": "Soopaedi",
            "org_id": "382632589086687238",
            "private_labeling_setting": "PRIVATE_LABELING_SETTING_UNSPECIFIED",
            "project_role_assertion": true,
            "project_role_check": false,
            "state": "PROJECT_STATE_ACTIVE"
          },
          "sensitive_attributes": [],
          "identity_schema_version": 0,
          "private": "bnVsbA==",
          "dependencies": [
            "zitadel_org.platform_org"
          ]
        }
      ]
    },
    {
      "mode": "managed",
      "type": "zitadel_project",
      "name": "idp",
      "provider": "provider[\"registry.terraform.io/zitadel/zitadel\"]",
      "instances": [
        {
          "schema_version": 0,
          "attributes": {
            "has_project_check": false,
            "id": "382632592643457030",
            "name": "Soopaidp",
            "org_id": "382632589086687238",
            "private_labeling_setting": "PRIVATE_LABELING_SETTING_UNSPECIFIED",
            "project_role_assertion": true,
            "project_role_check": false,
            "state": "PROJECT_STATE_ACTIVE"
          },
          "sensitive_attributes": [],
          "identity_schema_version": 0,
          "private": "bnVsbA==",
          "dependencies": [
            "zitadel_org.platform_org"
          ]
        }
      ]
    },
    {
      "mode": "managed",
      "type": "zitadel_project",
      "name": "ucp",
      "provider": "provider[\"registry.terraform.io/zitadel/zitadel\"]",
      "instances": [
        {
          "schema_version": 0,
          "attributes": {
            "has_project_check": false,
            "id": "382632592643588102",
            "name": "Soopaucp",
            "org_id": "382632589086687238",
            "private_labeling_setting": "PRIVATE_LABELING_SETTING_UNSPECIFIED",
            "project_role_assertion": true,
            "project_role_check": true,
            "state": "PROJECT_STATE_ACTIVE"
          },
          "sensitive_attributes": [],
          "identity_schema_version": 0,
          "private": "bnVsbA==",
          "dependencies": [
            "zitadel_org.platform_org"
          ]
        }
      ]
    },
    {
      "mode": "managed",
      "type": "zitadel_project_role",
      "name": "platform_admin",
      "provider": "provider[\"registry.terraform.io/zitadel/zitadel\"]",
      "instances": [
        {
          "schema_version": 0,
          "attributes": {
            "display_name": "Platform Administrator",
            "group": "Platform",
            "id": "382632589086687238_382632592643588102_PlatformAdmin",
            "org_id": "382632589086687238",
            "project_id": "382632592643588102",
            "role_key": "PlatformAdmin"
          },
          "sensitive_attributes": [],
          "identity_schema_version": 0,
          "private": "bnVsbA==",
          "dependencies": [
            "zitadel_org.platform_org",
            "zitadel_project.ucp"
          ]
        }
      ]
    },
    {
      "mode": "managed",
      "type": "zitadel_project_role",
      "name": "tenant_admin",
      "provider": "provider[\"registry.terraform.io/zitadel/zitadel\"]",
      "instances": [
        {
          "schema_version": 0,
          "attributes": {
            "display_name": "Tenant Administrator",
            "group": "Tenant",
            "id": "382632589086687238_382632592643588102_TenantAdmin",
            "org_id": "382632589086687238",
            "project_id": "382632592643588102",
            "role_key": "TenantAdmin"
          },
          "sensitive_attributes": [],
          "identity_schema_version": 0,
          "private": "bnVsbA==",
          "dependencies": [
            "zitadel_org.platform_org",
            "zitadel_project.ucp"
          ]
        }
      ]
    },
    {
      "mode": "managed",
      "type": "zitadel_project_role",
      "name": "tenant_user",
      "provider": "provider[\"registry.terraform.io/zitadel/zitadel\"]",
      "instances": [
        {
          "schema_version": 0,
          "attributes": {
            "display_name": "Standard Tenant User",
            "group": "Tenant",
            "id": "382632589086687238_382632592643588102_TenantUser",
            "org_id": "382632589086687238",
            "project_id": "382632592643588102",
            "role_key": "TenantUser"
          },
          "sensitive_attributes": [],
          "identity_schema_version": 0,
          "private": "bnVsbA==",
          "dependencies": [
            "zitadel_org.platform_org",
            "zitadel_project.ucp"
          ]
        }
      ]
    },
    {
      "mode": "managed",
      "type": "zitadel_user_grant",
      "name": "platform_admin_grant",
      "provider": "provider[\"registry.terraform.io/zitadel/zitadel\"]",
      "instances": [
        {
          "schema_version": 0,
          "attributes": {
            "id": "382632594354733062",
            "org_id": "382632589086687238",
            "project_grant_id": null,
            "project_id": "382632592643588102",
            "role_keys": [
              "PlatformAdmin"
            ],
            "user_id": "382632592677011462"
          },
          "sensitive_attributes": [],
          "identity_schema_version": 0,
          "private": "bnVsbA==",
          "dependencies": [
            "zitadel_human_user.platform_admin",
            "zitadel_org.platform_org",
            "zitadel_project.ucp",
            "zitadel_project_role.platform_admin"
          ]
        }
      ]
    }
  ],
  "check_results": null
}
